
Microsoft Visual Studio Solution File, Format Version 12.00
# Visual Studio 15
VisualStudioVersion = 15.0.28307.1433
MinimumVisualStudioVersion = 10.0.40219.1
Project("{159641D6-6404-4A2A-AE62-294DE0FE8301}") = "CRMSSISDataMigrationToSQLServer", "CRMSSISDataMigrationToSQLServer\CRMSSISDataMigrationToSQLServer.dtproj", "{5A36D4FF-4F6C-47F1-9606-EA278E0D2BDB}"
EndProject
Global
	GlobalSection(SolutionConfigurationPlatforms) = preSolution
		Development|Default = Development|Default
	EndGlobalSection
	GlobalSection(ProjectConfigurationPlatforms) = postSolution
		{5A36D4FF-4F6C-47F1-9606-EA278E0D2BDB}.Development|Default.ActiveCfg = Development
		{5A36D4FF-4F6C-47F1-9606-EA278E0D2BDB}.Development|Default.Build.0 = Development
	EndGlobalSection
	GlobalSection(SolutionProperties) = preSolution
		HideSolutionNode = FALSE
	EndGlobalSection
	GlobalSection(ExtensibilityGlobals) = postSolution
		SolutionGuid = {47BE3432-2259-46E5-AA15-B57F0E961C83}
	EndGlobalSection
EndGlobal
